
Microsoft Visual Studio Solution File, Format Version 12.00
# Visual Studio Version 16
VisualStudioVersion = 16.0.29806.167
MinimumVisualStudioVersion = 10.0.40219.1
Project("{FAE04EC0-301F-11D3-BF4B-00C04F79EFBC}") = "Kalkulator", "Kalkulator\Kalkulator.csproj", "{5A9E05BE-AFA0-4318-81DE-31B637A471BE}"
EndProject
Global
	GlobalSection(SolutionConfigurationPlatforms) = preSolution
		Debug|Any CPU = Debug|Any CPU
		Release|Any CPU = Release|Any CPU
	EndGlobalSection
	GlobalSection(ProjectConfigurationPlatforms) = postSolution
		{5A9E05BE-AFA0-4318-81DE-31B637A471BE}.Debug|Any CPU.ActiveCfg = Debug|Any CPU
		{5A9E05BE-AFA0-4318-81DE-31B637A471BE}.Debug|Any CPU.Build.0 = Debug|Any CPU
		{5A9E05BE-AFA0-4318-81DE-31B637A471BE}.Release|Any CPU.ActiveCfg = Release|Any CPU
		{5A9E05BE-AFA0-4318-81DE-31B637A471BE}.Release|Any CPU.Build.0 = Release|Any CPU
	EndGlobalSection
	GlobalSection(SolutionProperties) = preSolution
		HideSolutionNode = FALSE
	EndGlobalSection
	GlobalSection(ExtensibilityGlobals) = postSolution
		SolutionGuid = {226AD92B-02FF-4FA2-887A-BC55B1E16E81}
	EndGlobalSection
EndGlobal
